
Microsoft Visual Studio Solution File, Format Version 12.00
# Visual Studio Version 17
VisualStudioVersion = 17.8.34511.84
MinimumVisualStudioVersion = 10.0.40219.1
Project("{9A19103F-16F7-4668-BE54-9A1E7A4F7556}") = "BulkyWeb", "BulkyWeb\BulkyWeb.csproj", "{A24B8218-D16D-4DCB-AFA9-FB9D5A0F3800}"
EndProject
Project("{9A19103F-16F7-4668-BE54-9A1E7A4F7556}") = "BulkyWebRazor_Temp", "BulkyWebRazor_Temp\BulkyWebRazor_Temp.csproj", "{668DA76D-A7D5-42B6-85EE-5EC334CA4EB6}"
EndProject
Global
	GlobalSection(SolutionConfigurationPlatforms) = preSolution
		Debug|Any CPU = Debug|Any CPU
		Release|Any CPU = Release|Any CPU
	EndGlobalSection
	GlobalSection(ProjectConfigurationPlatforms) = postSolution
		{A24B8218-D16D-4DCB-AFA9-FB9D5A0F3800}.Debug|Any CPU.ActiveCfg = Debug|Any CPU
		{A24B8218-D16D-4DCB-AFA9-FB9D5A0F3800}.Debug|Any CPU.Build.0 = Debug|Any CPU
		{A24B8218-D16D-4DCB-AFA9-FB9D5A0F3800}.Release|Any CPU.ActiveCfg = Release|Any CPU
		{A24B8218-D16D-4DCB-AFA9-FB9D5A0F3800}.Release|Any CPU.Build.0 = Release|Any CPU
		{668DA76D-A7D5-42B6-85EE-5EC334CA4EB6}.Debug|Any CPU.ActiveCfg = Debug|Any CPU
		{668DA76D-A7D5-42B6-85EE-5EC334CA4EB6}.Debug|Any CPU.Build.0 = Debug|Any CPU
		{668DA76D-A7D5-42B6-85EE-5EC334CA4EB6}.Release|Any CPU.ActiveCfg = Release|Any CPU
		{668DA76D-A7D5-42B6-85EE-5EC334CA4EB6}.Release|Any CPU.Build.0 = Release|Any CPU
	EndGlobalSection
	GlobalSection(SolutionProperties) = preSolution
		HideSolutionNode = FALSE
	EndGlobalSection
	GlobalSection(ExtensibilityGlobals) = postSolution
		SolutionGuid = {E4EB3DB8-EAB5-4FBB-8012-D937188F51E0}
	EndGlobalSection
EndGlobal
